# THIS IS AN AUTOGENERATED FILE. DO NOT EDIT THIS FILE DIRECTLY.
# yarn lockfile v1


"@messageformat/core@^3.0.0":
  version "3.0.1"
  resolved "https://registry.yarnpkg.com/@messageformat/core/-/core-3.0.1.tgz#191e12cf9643704d1fd32e592a3fbdc194dd588e"
  integrity sha512-yxj2+0e46hcZqJfNf0ZYbC2q6WlcGoh4g11mCyRtTueR0AD8F9z4JMYAS1aOiFG8Vl1LZg/h5hZHKmWTAyZq8g==
  dependencies:
    "@messageformat/date-skeleton" "^1.0.0"
    "@messageformat/number-skeleton" "^1.0.0"
    "@messageformat/parser" "^5.0.0"
    "@messageformat/runtime" "^3.0.1"
    make-plural "^7.0.0"
    safe-identifier "^0.4.1"

"@messageformat/date-skeleton@^1.0.0":
  version "1.0.1"
  resolved "https://registry.yarnpkg.com/@messageformat/date-skeleton/-/date-skeleton-1.0.1.tgz#980b8babe21a11433b6e1e8f6dc8c4cae4f5f56b"
  integrity sha512-jPXy8fg+WMPIgmGjxSlnGJn68h/2InfT0TNSkVx0IGXgp4ynnvYkbZ51dGWmGySEK+pBiYUttbQdu5XEqX5CRg==

"@messageformat/number-skeleton@^1.0.0":
  version "1.1.0"
  resolved "https://registry.yarnpkg.com/@messageformat/number-skeleton/-/number-skeleton-1.1.0.tgz#eb636738da8abbd35ccbeb84f7d84d63302aeb61"
  integrity sha512-F0Io+GOSvFFxvp9Ze3L5kAoZ2NnOAT0Mr/jpGNd3fqo8A0t4NxNIAcCdggtl2B/gN2ErkIKSBVPrF7xcW1IGvA==

"@messageformat/parser@^5.0.0":
  version "5.0.0"
  resolved "https://registry.yarnpkg.com/@messageformat/parser/-/parser-5.0.0.tgz#5737e69d7d4a469998b527710f1891174fc1b262"
  integrity sha512-WiDKhi8F0zQaFU8cXgqq69eYFarCnTVxKcvhAONufKf0oUxbqLMW6JX6rV4Hqh+BEQWGyKKKHY4g1XA6bCLylA==
  dependencies:
    moo "^0.5.1"

"@messageformat/runtime@^3.0.1":
  version "3.0.1"
  resolved "https://registry.yarnpkg.com/@messageformat/runtime/-/runtime-3.0.1.tgz#94d1f6c43265c28ef7aed98ecfcc0968c6c849ac"
  integrity sha512-6RU5ol2lDtO8bD9Yxe6CZkl0DArdv0qkuoZC+ZwowU+cdRlVE1157wjCmlA5Rsf1Xc/brACnsZa5PZpEDfTFFg==
  dependencies:
    make-plural "^7.0.0"

boolean@^3.1.4:
  version "3.2.0"
  resolved "https://registry.yarnpkg.com/boolean/-/boolean-3.2.0.tgz#9e5294af4e98314494cbb17979fa54ca159f116b"
  integrity sha512-d0II/GO9uf9lfUHH2BQsjxzRJZBdsjgsBiW4BvhWk/3qoKwQFjIDVN19PfX8F2D/r9PCMTtLWjYVCFrpeYUzsw==

debug@^4.3.3:
  version "4.3.4"
  resolved "https://registry.yarnpkg.com/debug/-/debug-4.3.4.tgz#1319f6579357f2338d3337d2cdd4914bb5dcc865"
  integrity sha512-PRWFHuSU3eDtQJPvnNY7Jcket1j0t5OuOsFzPPzsekD52Zl8qUfFIPEiswXqIvHWGVHOgX+7G/vCNNhehwxfkQ==
  dependencies:
    ms "2.1.2"

fast-printf@^1.6.9:
  version "1.6.9"
  resolved "https://registry.yarnpkg.com/fast-printf/-/fast-printf-1.6.9.tgz#212f56570d2dc8ccdd057ee93d50dd414d07d676"
  integrity sha512-FChq8hbz65WMj4rstcQsFB0O7Cy++nmbNfLYnD9cYv2cRn8EG6k/MGn9kO/tjO66t09DLDugj3yL+V2o6Qftrg==
  dependencies:
    boolean "^3.1.4"

i18n@^0.15.1:
  version "0.15.1"
  resolved "https://registry.yarnpkg.com/i18n/-/i18n-0.15.1.tgz#68fb8993c461cc440bc2485d82f72019f2b92de8"
  integrity sha512-yue187t8MqUPMHdKjiZGrX+L+xcUsDClGO0Cz4loaKUOK9WrGw5pgan4bv130utOwX7fHE9w2iUeHFalVQWkXA==
  dependencies:
    "@messageformat/core" "^3.0.0"
    debug "^4.3.3"
    fast-printf "^1.6.9"
    make-plural "^7.0.0"
    math-interval-parser "^2.0.1"
    mustache "^4.2.0"

make-plural@^7.0.0:
  version "7.2.0"
  resolved "https://registry.yarnpkg.com/make-plural/-/make-plural-7.2.0.tgz#93174b1419672a48a2340db6c1d3fb217530c684"
  integrity sha512-WkdI+iaWaBCFM2wUXwos8Z7spg5Dt64Xe/VI6NpRaly21cDtD76N6S97K//UtzV0dHOiXX+E90TnszdXHG0aMg==

math-interval-parser@^2.0.1:
  version "2.0.1"
  resolved "https://registry.yarnpkg.com/math-interval-parser/-/math-interval-parser-2.0.1.tgz#e22cd6d15a0a7f4c03aec560db76513da615bed4"
  integrity sha512-VmlAmb0UJwlvMyx8iPhXUDnVW1F9IrGEd9CIOmv+XL8AErCUUuozoDMrgImvnYt2A+53qVX/tPW6YJurMKYsvA==

moo@^0.5.1:
  version "0.5.2"
  resolved "https://registry.yarnpkg.com/moo/-/moo-0.5.2.tgz#f9fe82473bc7c184b0d32e2215d3f6e67278733c"
  integrity sha512-iSAJLHYKnX41mKcJKjqvnAN9sf0LMDTXDEvFv+ffuRR9a1MIuXLjMNL6EsnDHSkKLTWNqQQ5uo61P4EbU4NU+Q==

ms@2.1.2:
  version "2.1.2"
  resolved "https://registry.yarnpkg.com/ms/-/ms-2.1.2.tgz#d09d1f357b443f493382a8eb3ccd183872ae6009"
  integrity sha512-sGkPx+VjMtmA6MX27oA4FBFELFCZZ4S4XqeGOXCv68tT+jb3vk/RyaKWP0PTKyWtmLSM0b+adUTEvbs1PEaH2w==

mustache@^4.2.0:
  version "4.2.0"
  resolved "https://registry.yarnpkg.com/mustache/-/mustache-4.2.0.tgz#e5892324d60a12ec9c2a73359edca52972bf6f64"
  integrity sha512-71ippSywq5Yb7/tVYyGbkBggbU8H3u5Rz56fH60jGFgr8uHwxs+aSKeqmluIVzM0m0kB7xQjKS6qPfd0b2ZoqQ==

safe-identifier@^0.4.1:
  version "0.4.2"
  resolved "https://registry.yarnpkg.com/safe-identifier/-/safe-identifier-0.4.2.tgz#cf6bfca31c2897c588092d1750d30ef501d59fcb"
  integrity sha512-6pNbSMW6OhAi9j+N8V+U715yBQsaWJ7eyEUaOrawX+isg5ZxhUlV1NipNtgaKHmFGiABwt+ZF04Ii+3Xjkg+8w==
